
Microsoft Visual Studio Solution File, Format Version 12.00
# Visual Studio 15
Project("{FAE04EC0-301F-11D3-BF4B-00C04F79EFBC}") = "FormsPoc.Android", "FormsPoc.Android\FormsPoc.Android.csproj", "{997FE44E-3B78-4500-8DBF-F6989120FADF}"
EndProject
Project("{FAE04EC0-301F-11D3-BF4B-00C04F79EFBC}") = "FormsPoc.iOS", "FormsPoc.iOS\FormsPoc.iOS.csproj", "{24A29CCC-5CD8-441A-95F5-A390D69564B4}"
EndProject
Project("{FAE04EC0-301F-11D3-BF4B-00C04F79EFBC}") = "FormsPoc", "FormsPoc\FormsPoc.csproj", "{F80DDF29-FF1D-4813-83D8-6F9976436490}"
EndProject
Global
	GlobalSection(SolutionConfigurationPlatforms) = preSolution
		Debug|Any CPU = Debug|Any CPU
		Release|Any CPU = Release|Any CPU
		Debug|iPhoneSimulator = Debug|iPhoneSimulator
		Release|iPhoneSimulator = Release|iPhoneSimulator
		Debug|iPhone = Debug|iPhone
		Release|iPhone = Release|iPhone
	EndGlobalSection
	GlobalSection(ProjectConfigurationPlatforms) = postSolution
		{997FE44E-3B78-4500-8DBF-F6989120FADF}.Debug|Any CPU.ActiveCfg = Debug|Any CPU
		{997FE44E-3B78-4500-8DBF-F6989120FADF}.Debug|Any CPU.Build.0 = Debug|Any CPU
		{997FE44E-3B78-4500-8DBF-F6989120FADF}.Release|Any CPU.ActiveCfg = Release|Any CPU
		{997FE44E-3B78-4500-8DBF-F6989120FADF}.Release|Any CPU.Build.0 = Release|Any CPU
		{997FE44E-3B78-4500-8DBF-F6989120FADF}.Debug|iPhoneSimulator.ActiveCfg = Debug|Any CPU
		{997FE44E-3B78-4500-8DBF-F6989120FADF}.Debug|iPhoneSimulator.Build.0 = Debug|Any CPU
		{997FE44E-3B78-4500-8DBF-F6989120FADF}.Release|iPhoneSimulator.ActiveCfg = Release|Any CPU
		{997FE44E-3B78-4500-8DBF-F6989120FADF}.Release|iPhoneSimulator.Build.0 = Release|Any CPU
		{997FE44E-3B78-4500-8DBF-F6989120FADF}.Debug|iPhone.ActiveCfg = Debug|Any CPU
		{997FE44E-3B78-4500-8DBF-F6989120FADF}.Debug|iPhone.Build.0 = Debug|Any CPU
		{997FE44E-3B78-4500-8DBF-F6989120FADF}.Release|iPhone.ActiveCfg = Release|Any CPU
		{997FE44E-3B78-4500-8DBF-F6989120FADF}.Release|iPhone.Build.0 = Release|Any CPU
		{24A29CCC-5CD8-441A-95F5-A390D69564B4}.Debug|Any CPU.ActiveCfg = Debug|iPhoneSimulator
		{24A29CCC-5CD8-441A-95F5-A390D69564B4}.Debug|Any CPU.Build.0 = Debug|iPhoneSimulator
		{24A29CCC-5CD8-441A-95F5-A390D69564B4}.Release|Any CPU.ActiveCfg = Release|iPhoneSimulator
		{24A29CCC-5CD8-441A-95F5-A390D69564B4}.Release|Any CPU.Build.0 = Release|iPhoneSimulator
		{24A29CCC-5CD8-441A-95F5-A390D69564B4}.Debug|iPhoneSimulator.ActiveCfg = Debug|iPhoneSimulator
		{24A29CCC-5CD8-441A-95F5-A390D69564B4}.Debug|iPhoneSimulator.Build.0 = Debug|iPhoneSimulator
		{24A29CCC-5CD8-441A-95F5-A390D69564B4}.Release|iPhoneSimulator.ActiveCfg = Release|iPhoneSimulator
		{24A29CCC-5CD8-441A-95F5-A390D69564B4}.Release|iPhoneSimulator.Build.0 = Release|iPhoneSimulator
		{24A29CCC-5CD8-441A-95F5-A390D69564B4}.Debug|iPhone.ActiveCfg = Debug|iPhone
		{24A29CCC-5CD8-441A-95F5-A390D69564B4}.Debug|iPhone.Build.0 = Debug|iPhone
		{24A29CCC-5CD8-441A-95F5-A390D69564B4}.Release|iPhone.ActiveCfg = Release|iPhone
		{24A29CCC-5CD8-441A-95F5-A390D69564B4}.Release|iPhone.Build.0 = Release|iPhone
		{F80DDF29-FF1D-4813-83D8-6F9976436490}.Debug|Any CPU.ActiveCfg = Debug|Any CPU
		{F80DDF29-FF1D-4813-83D8-6F9976436490}.Debug|Any CPU.Build.0 = Debug|Any CPU
		{F80DDF29-FF1D-4813-83D8-6F9976436490}.Release|Any CPU.ActiveCfg = Release|Any CPU
		{F80DDF29-FF1D-4813-83D8-6F9976436490}.Release|Any CPU.Build.0 = Release|Any CPU
		{F80DDF29-FF1D-4813-83D8-6F9976436490}.Debug|iPhoneSimulator.ActiveCfg = Debug|Any CPU
		{F80DDF29-FF1D-4813-83D8-6F9976436490}.Debug|iPhoneSimulator.Build.0 = Debug|Any CPU
		{F80DDF29-FF1D-4813-83D8-6F9976436490}.Release|iPhoneSimulator.ActiveCfg = Release|Any CPU
		{F80DDF29-FF1D-4813-83D8-6F9976436490}.Release|iPhoneSimulator.Build.0 = Release|Any CPU
		{F80DDF29-FF1D-4813-83D8-6F9976436490}.Debug|iPhone.ActiveCfg = Debug|Any CPU
		{F80DDF29-FF1D-4813-83D8-6F9976436490}.Debug|iPhone.Build.0 = Debug|Any CPU
		{F80DDF29-FF1D-4813-83D8-6F9976436490}.Release|iPhone.ActiveCfg = Release|Any CPU
		{F80DDF29-FF1D-4813-83D8-6F9976436490}.Release|iPhone.Build.0 = Release|Any CPU
	EndGlobalSection
EndGlobal
